{
    "_readme": [
        "This file locks the dependencies of your project to a known state",
        "Read more about it at https://getcomposer.org/doc/01-basic-usage.md#composer-lock-the-lock-file",
        "This file is @generated automatically"
    ],
    "content-hash": "7114f4dad61a860318a9e107f8b381e4",
    "packages": [
        {
            "name": "battis/bootstrapsmarty",
            "version": "v2.0.1",
            "source": {
                "type": "git",
                "url": "https://github.com/battis/bootstrapsmarty.git",
                "reference": "e0a71cce1dd285ad11a64fd70495f802ff75ae00"
            },
            "dist": {
                "type": "zip",
                "url": "https://api.github.com/repos/battis/bootstrapsmarty/zipball/e0a71cce1dd285ad11a64fd70495f802ff75ae00",
                "reference": "e0a71cce1dd285ad11a64fd70495f802ff75ae00",
                "shasum": ""
            },
            "require": {
                "battis/data-utilities": "~0.1",
                "bower-asset/bootstrap-colorpicker-2.x": "~2.3",
                "bower-asset/bootstrap-datepicker-1.x": "~1.6",
                "bower-asset/bootstrap-sortable-2.x": "~2.0",
                "fxp/composer-asset-plugin": "^1.1",
                "smarty/smarty": "~3.1"
            },
            "type": "library",
            "autoload": {
                "psr-4": {
                    "Battis\\BootstrapSmarty\\": "src/"
                }
            },
            "notification-url": "https://packagist.org/downloads/",
            "license": [
                "LGPL-3.0"
            ],
            "authors": [
                {
                    "name": "Seth Battis",
                    "email": "seth@battis.net"
                }
            ],
            "description": "A wrapper for Smarty to set (and maintain) defaults within a Bootstrap UI environment",
            "time": "2017-05-24T17:21:18+00:00"
        },
        {
            "name": "battis/data-utilities",
            "version": "v0.1.3",
            "source": {
                "type": "git",
                "url": "https://github.com/battis/data-utilities.git",
                "reference": "81e9771db3f3cfa1a757179ad447ee40703c55a3"
            },
            "dist": {
                "type": "zip",
                "url": "https://api.github.com/repos/battis/data-utilities/zipball/81e9771db3f3cfa1a757179ad447ee40703c55a3",
                "reference": "81e9771db3f3cfa1a757179ad447ee40703c55a3",
                "shasum": ""
            },
            "require-dev": {
                "phpunit/phpunit": "~5.0"
            },
            "type": "library",
            "autoload": {
                "psr-4": {
                    "Battis\\": "src/"
                }
            },
            "notification-url": "https://packagist.org/downloads/",
            "license": [
                "GPL-3.0"
            ],
            "authors": [
                {
                    "name": "Seth Battis",
                    "email": "sethbattis@stmarksschool.org"
                }
            ],
            "description": "A handful of useful helper functions to process data",
            "time": "2017-05-29T18:41:18+00:00"
        },
        {
            "name": "bower-asset/bootstrap-colorpicker-2.x",
            "version": "2.x-dev",
            "source": {
                "type": "git",
                "url": "https://github.com/farbelous/bootstrap-colorpicker.git",
                "reference": "67c90704b0c537e5c1a0f50c4d38ded864094aa2"
            },
            "dist": {
                "type": "zip",
                "url": "https://api.github.com/repos/farbelous/bootstrap-colorpicker/zipball/67c90704b0c537e5c1a0f50c4d38ded864094aa2",
                "reference": "67c90704b0c537e5c1a0f50c4d38ded864094aa2",
                "shasum": ""
            },
            "require": {
                "bower-asset/jquery": ">=1.10"
            },
            "type": "bower-asset-library",
            "extra": {
                "bower-asset-main": [
                    "dist/css/bootstrap-colorpicker.css",
                    "dist/js/bootstrap-colorpicker.js"
                ],
                "bower-asset-ignore": [
                    "\\.*",
                    "/index.html",
                    "/package.json",
                    "/composer.json",
                    "/Gruntfile.js",
                    "/.travis.yml",
                    "/travis.sh",
                    "/server.js"
                ]
            },
            "time": "2017-11-14T17:57:50+00:00"
        },
        {
            "name": "bower-asset/bootstrap-datepicker-1.x",
            "version": "v1.7.1",
            "source": {
                "type": "git",
                "url": "https://github.com/uxsolutions/bootstrap-datepicker.git",
                "reference": "4c12834aae54782ca41d9409d6334193f200124d"
            },
            "dist": {
                "type": "zip",
                "url": "https://api.github.com/repos/uxsolutions/bootstrap-datepicker/zipball/4c12834aae54782ca41d9409d6334193f200124d",
                "reference": "4c12834aae54782ca41d9409d6334193f200124d",
                "shasum": ""
            },
            "require": {
                "bower-asset/jquery": ">=1.7.1,<4.0.0"
            },
            "type": "bower-asset-library",
            "extra": {
                "bower-asset-main": [
                    "dist/css/bootstrap-datepicker3.css",
                    "dist/js/bootstrap-datepicker.js"
                ],
                "bower-asset-ignore": []
            },
            "license": [
                "Apache-2.0"
            ]
        },
        {
            "name": "bower-asset/bootstrap-sortable-2.x",
            "version": "2.1.0",
            "source": {
                "type": "git",
                "url": "https://github.com/drvic10k/bootstrap-sortable.git",
                "reference": "0df36e981d102963dd08ac3db8b247e00286600d"
            },
            "dist": {
                "type": "zip",
                "url": "https://api.github.com/repos/drvic10k/bootstrap-sortable/zipball/0df36e981d102963dd08ac3db8b247e00286600d",
                "reference": "0df36e981d102963dd08ac3db8b247e00286600d",
                "shasum": ""
            },
            "require": {
                "bower-asset/jquery": ">=1.9.0",
                "bower-asset/moment": ">=2.3.1"
            },
            "type": "bower-asset-library",
            "extra": {
                "bower-asset-main": "Scripts/bootstrap-sortable.js",
                "bower-asset-ignore": [
                    "Scripts/moment.min.js"
                ]
            },
            "license": [
                "MIT"
            ],
            "description": "Adding sorting ability to HTML tables",
            "keywords": [
                "bootstrap sortable",
                "bootstrap-sortable",
                "sort table",
                "sortable",
                "sortable table"
            ]
        },
        {
            "name": "bower-asset/jquery",
            "version": "3.3.1",
            "source": {
                "type": "git",
                "url": "https://github.com/jquery/jquery-dist.git",
                "reference": "9e8ec3d10fad04748176144f108d7355662ae75e"
            },
            "dist": {
                "type": "zip",
                "url": "https://api.github.com/repos/jquery/jquery-dist/zipball/9e8ec3d10fad04748176144f108d7355662ae75e",
                "reference": "9e8ec3d10fad04748176144f108d7355662ae75e",
                "shasum": ""
            },
            "type": "bower-asset-library",
            "extra": {
                "bower-asset-main": "dist/jquery.js",
                "bower-asset-ignore": [
                    "package.json"
                ]
            },
            "license": [
                "MIT"
            ],
            "keywords": [
                "browser",
                "javascript",
                "jquery",
                "library"
            ]
        },
        {
            "name": "bower-asset/moment",
            "version": "dev-master",
            "source": {
                "type": "git",
                "url": "https://github.com/moment/moment.git",
                "reference": "03073778ec18ee38e179208cd1af899e8d1848dc"
            },
            "dist": {
                "type": "zip",
                "url": "https://api.github.com/repos/moment/moment/zipball/03073778ec18ee38e179208cd1af899e8d1848dc",
                "reference": "03073778ec18ee38e179208cd1af899e8d1848dc",
                "shasum": ""
            },
            "type": "bower-asset-library",
            "extra": {
                "bower-asset-main": "moment.js",
                "bower-asset-ignore": [
                    "**/.*",
                    "benchmarks",
                    "bower_components",
                    "meteor",
                    "node_modules",
                    "scripts",
                    "tasks",
                    "test",
                    "component.json",
                    "composer.json",
                    "CONTRIBUTING.md",
                    "ender.js",
                    "Gruntfile.js",
                    "Moment.js.nuspec",
                    "package.js",
                    "package.json",
                    "ISSUE_TEMPLATE.md",
                    "typing-tests",
                    "min/tests.js"
                ]
            },
            "license": [
                "MIT"
            ],
            "time": "2017-12-19T04:36:30+00:00"
        },
        {
            "name": "educoder/pest",
            "version": "dev-master",
            "source": {
                "type": "git",
                "url": "https://github.com/educoder/pest.git",
                "reference": "fcb539e03c03bc925b93004097a268e6fd484dd8"
            },
            "dist": {
                "type": "zip",
                "url": "https://api.github.com/repos/educoder/pest/zipball/fcb539e03c03bc925b93004097a268e6fd484dd8",
                "reference": "fcb539e03c03bc925b93004097a268e6fd484dd8",
                "shasum": ""
            },
            "require": {
                "lib-curl": "*",
                "php": ">=5.2"
            },
            "type": "library",
            "autoload": {
                "classmap": [
                    ""
                ]
            },
            "notification-url": "https://packagist.org/downloads/",
            "license": [
                "MIT"
            ],
            "authors": [
                {
                    "name": "Matt Zukowski",
                    "email": "matt@zukowski.ca"
                },
                {
                    "name": "Donald Sipe",
                    "email": "donald.sipe@gmail.com"
                }
            ],
            "description": "A proper REST client for PHP.",
            "homepage": "https://github.com/educoder/pest",
            "time": "2014-09-02T15:51:33+00:00"
        },
        {
            "name": "fxp/composer-asset-plugin",
            "version": "dev-master",
            "source": {
                "type": "git",
                "url": "https://github.com/fxpio/composer-asset-plugin.git",
                "reference": "61352d99940d2b2392a5d2db83b8c0ef5faf222a"
            },
            "dist": {
                "type": "zip",
                "url": "https://api.github.com/repos/fxpio/composer-asset-plugin/zipball/61352d99940d2b2392a5d2db83b8c0ef5faf222a",
                "reference": "61352d99940d2b2392a5d2db83b8c0ef5faf222a",
                "shasum": ""
            },
            "require": {
                "composer-plugin-api": "^1.0",
                "php": ">=5.3.3"
            },
            "require-dev": {
                "composer/composer": "^1.4.0"
            },
            "type": "composer-plugin",
            "extra": {
                "class": "Fxp\\Composer\\AssetPlugin\\FxpAssetPlugin",
                "branch-alias": {
                    "dev-master": "1.4-dev"
                }
            },
            "autoload": {
                "psr-4": {
                    "Fxp\\Composer\\AssetPlugin\\": ""
                },
                "exclude-from-classmap": [
                    "/Tests/"
                ]
            },
            "notification-url": "https://packagist.org/downloads/",
            "license": [
                "MIT"
            ],
            "authors": [
                {
                    "name": "François Pluchino",
                    "email": "francois.pluchino@gmail.com"
                }
            ],
            "description": "NPM/Bower Dependency Manager for Composer",
            "homepage": "https://github.com/fxpio/composer-asset-plugin",
            "keywords": [
                "asset",
                "bower",
                "composer",
                "dependency manager",
                "nodejs",
                "npm",
                "package"
            ],
            "time": "2017-10-20T06:53:56+00:00"
        },
        {
            "name": "geshi/geshi",
            "version": "v1.0.9.0",
            "source": {
                "type": "git",
                "url": "https://github.com/GeSHi/geshi-1.0.git",
                "reference": "5a7b461338d322d941986a656d4d1651452e73dd"
            },
            "dist": {
                "type": "zip",
                "url": "https://api.github.com/repos/GeSHi/geshi-1.0/zipball/5a7b461338d322d941986a656d4d1651452e73dd",
                "reference": "5a7b461338d322d941986a656d4d1651452e73dd",
                "shasum": ""
            },
            "require-dev": {
                "phpunit/phpunit": "^5.7"
            },
            "type": "library",
            "autoload": {
                "classmap": [
                    "src/geshi/",
                    "src/geshi.php"
                ]
            },
            "notification-url": "https://packagist.org/downloads/",
            "license": [
                "GPL-2.0+"
            ],
            "authors": [
                {
                    "name": "Benny Baumann",
                    "email": "BenBE@geshi.org",
                    "homepage": "http://blog.benny-baumann.de/",
                    "role": "Developer"
                }
            ],
            "description": "Generic Syntax Highlighter",
            "homepage": "http://qbnz.com/highlighter/",
            "time": "2017-05-05T05:51:25+00:00"
        },
        {
            "name": "michelf/php-markdown",
            "version": "1.8.0",
            "source": {
                "type": "git",
                "url": "https://github.com/michelf/php-markdown.git",
                "reference": "01ab082b355bf188d907b9929cd99b2923053495"
            },
            "dist": {
                "type": "zip",
                "url": "https://api.github.com/repos/michelf/php-markdown/zipball/01ab082b355bf188d907b9929cd99b2923053495",
                "reference": "01ab082b355bf188d907b9929cd99b2923053495",
                "shasum": ""
            },
            "require": {
                "php": ">=5.3.0"
            },
            "type": "library",
            "autoload": {
                "psr-4": {
                    "Michelf\\": "Michelf/"
                }
            },
            "notification-url": "https://packagist.org/downloads/",
            "license": [
                "BSD-3-Clause"
            ],
            "authors": [
                {
                    "name": "Michel Fortin",
                    "email": "michel.fortin@michelf.ca",
                    "homepage": "https://michelf.ca/",
                    "role": "Developer"
                },
                {
                    "name": "John Gruber",
                    "homepage": "https://daringfireball.net/"
                }
            ],
            "description": "PHP Markdown",
            "homepage": "https://michelf.ca/projects/php-markdown/",
            "keywords": [
                "markdown"
            ],
            "time": "2018-01-15T00:49:33+00:00"
        },
        {
            "name": "mikehaertl/php-shellcommand",
            "version": "1.3.0",
            "source": {
                "type": "git",
                "url": "https://github.com/mikehaertl/php-shellcommand.git",
                "reference": "a0c445a3f684fd53745e5a1fab436e54d2599edd"
            },
            "dist": {
                "type": "zip",
                "url": "https://api.github.com/repos/mikehaertl/php-shellcommand/zipball/a0c445a3f684fd53745e5a1fab436e54d2599edd",
                "reference": "a0c445a3f684fd53745e5a1fab436e54d2599edd",
                "shasum": ""
            },
            "type": "library",
            "autoload": {
                "psr-4": {
                    "mikehaertl\\shellcommand\\": "src/"
                }
            },
            "notification-url": "https://packagist.org/downloads/",
            "license": [
                "MIT"
            ],
            "authors": [
                {
                    "name": "Michael Härtl",
                    "email": "haertl.mike@gmail.com"
                }
            ],
            "description": "An object oriented interface to shell commands",
            "keywords": [
                "shell"
            ],
            "time": "2017-12-01T09:01:05+00:00"
        },
        {
            "name": "mikehaertl/php-tmpfile",
            "version": "1.1.1",
            "source": {
                "type": "git",
                "url": "https://github.com/mikehaertl/php-tmpfile.git",
                "reference": "0ff48ed52ffee46d0f21fc34e8806f15467eb9b1"
            },
            "dist": {
                "type": "zip",
                "url": "https://api.github.com/repos/mikehaertl/php-tmpfile/zipball/0ff48ed52ffee46d0f21fc34e8806f15467eb9b1",
                "reference": "0ff48ed52ffee46d0f21fc34e8806f15467eb9b1",
                "shasum": ""
            },
            "type": "library",
            "autoload": {
                "psr-4": {
                    "mikehaertl\\tmp\\": "src/"
                }
            },
            "notification-url": "https://packagist.org/downloads/",
            "license": [
                "MIT"
            ],
            "authors": [
                {
                    "name": "Michael Härtl",
                    "email": "haertl.mike@gmail.com"
                }
            ],
            "description": "A convenience class for temporary files",
            "keywords": [
                "files"
            ],
            "time": "2017-08-28T11:21:51+00:00"
        },
        {
            "name": "mikehaertl/phpwkhtmltopdf",
            "version": "2.3.0",
            "source": {
                "type": "git",
                "url": "https://github.com/mikehaertl/phpwkhtmltopdf.git",
                "reference": "a53d5917362e132a6f22cc6e03252017fc32fd50"
            },
            "dist": {
                "type": "zip",
                "url": "https://api.github.com/repos/mikehaertl/phpwkhtmltopdf/zipball/a53d5917362e132a6f22cc6e03252017fc32fd50",
                "reference": "a53d5917362e132a6f22cc6e03252017fc32fd50",
                "shasum": ""
            },
            "require": {
                "mikehaertl/php-shellcommand": "^1.0.2",
                "mikehaertl/php-tmpfile": "^1.0.0",
                "php": ">=5.0.0"
            },
            "type": "library",
            "extra": {
                "branch-alias": {
                    "dev-master": "2.0.x-dev"
                }
            },
            "autoload": {
                "psr-4": {
                    "mikehaertl\\wkhtmlto\\": "src/"
                }
            },
            "notification-url": "https://packagist.org/downloads/",
            "license": [
                "MIT"
            ],
            "authors": [
                {
                    "name": "Michael Haertl",
                    "email": "haertl.mike@gmail.com"
                }
            ],
            "description": "A slim PHP wrapper around wkhtmltopdf with an easy to use and clean OOP interface",
            "homepage": "http://mikehaertl.github.com/phpwkhtmltopdf/",
            "keywords": [
                "pdf",
                "wkhtmltoimage",
                "wkhtmltopdf"
            ],
            "time": "2017-12-31T09:18:19+00:00"
        },
        {
            "name": "smarty/smarty",
            "version": "dev-master",
            "source": {
                "type": "git",
                "url": "https://github.com/smarty-php/smarty.git",
                "reference": "93909aacf8df28cbd41b26adfc1a3af1de29ab9b"
            },
            "dist": {
                "type": "zip",
                "url": "https://api.github.com/repos/smarty-php/smarty/zipball/93909aacf8df28cbd41b26adfc1a3af1de29ab9b",
                "reference": "93909aacf8df28cbd41b26adfc1a3af1de29ab9b",
                "shasum": ""
            },
            "require": {
                "php": ">=5.2"
            },
            "type": "library",
            "extra": {
                "branch-alias": {
                    "dev-master": "3.1.x-dev"
                }
            },
            "autoload": {
                "files": [
                    "libs/bootstrap.php"
                ]
            },
            "notification-url": "https://packagist.org/downloads/",
            "license": [
                "LGPL-3.0"
            ],
            "authors": [
                {
                    "name": "Monte Ohrt",
                    "email": "monte@ohrt.com"
                },
                {
                    "name": "Uwe Tews",
                    "email": "uwe.tews@googlemail.com"
                },
                {
                    "name": "Rodney Rehm",
                    "email": "rodney.rehm@medialize.de"
                }
            ],
            "description": "Smarty - the compiling PHP template engine",
            "homepage": "http://www.smarty.net",
            "keywords": [
                "templating"
            ],
            "time": "2017-11-22T00:21:09+00:00"
        }
    ],
    "packages-dev": [],
    "aliases": [],
    "minimum-stability": "dev",
    "stability-flags": {
        "educoder/pest": 20
    },
    "prefer-stable": false,
    "prefer-lowest": false,
    "platform": [],
    "platform-dev": []
}
